
Microsoft Visual Studio Solution File, Format Version 12.00
# Visual Studio Version 17
VisualStudioVersion = 17.8.34525.116
MinimumVisualStudioVersion = 10.0.40219.1
Project("{8BC9CEB8-8B4A-11D0-8D11-00A0C91BC942}") = "server", "server.vcxproj", "{EDA4418D-ECEF-4C84-B7C4-7964BA292EB5}"
EndProject
Global
	GlobalSection(SolutionConfigurationPlatforms) = preSolution
		Debug|x64 = Debug|x64
		Debug|x86 = Debug|x86
		Release|x64 = Release|x64
		Release|x86 = Release|x86
	EndGlobalSection
	GlobalSection(ProjectConfigurationPlatforms) = postSolution
		{EDA4418D-ECEF-4C84-B7C4-7964BA292EB5}.Debug|x64.ActiveCfg = Debug|x64
		{EDA4418D-ECEF-4C84-B7C4-7964BA292EB5}.Debug|x64.Build.0 = Debug|x64
		{EDA4418D-ECEF-4C84-B7C4-7964BA292EB5}.Debug|x86.ActiveCfg = Debug|Win32
		{EDA4418D-ECEF-4C84-B7C4-7964BA292EB5}.Debug|x86.Build.0 = Debug|Win32
		{EDA4418D-ECEF-4C84-B7C4-7964BA292EB5}.Release|x64.ActiveCfg = Release|x64
		{EDA4418D-ECEF-4C84-B7C4-7964BA292EB5}.Release|x64.Build.0 = Release|x64
		{EDA4418D-ECEF-4C84-B7C4-7964BA292EB5}.Release|x86.ActiveCfg = Release|Win32
		{EDA4418D-ECEF-4C84-B7C4-7964BA292EB5}.Release|x86.Build.0 = Release|Win32
	EndGlobalSection
	GlobalSection(SolutionProperties) = preSolution
		HideSolutionNode = FALSE
	EndGlobalSection
	GlobalSection(ExtensibilityGlobals) = postSolution
		SolutionGuid = {C9A2ABF4-3261-425F-90B8-904D34E7AE3B}
	EndGlobalSection
EndGlobal
